// !$*UTF8*$!
{
	archiveVersion = 1;
	classes = {
	};
	objectVersion = 48;
	objects = {

/* Begin PBXBuildFile section */
		81C6607C201F9A3F00DD3515 /* AppDelegate.swift in Sources */ = {isa = PBXBuildFile; fileRef = 81C6607B201F9A3F00DD3515 /* AppDelegate.swift */; };
		81C6607E201F9A3F00DD3515 /* ViewController.swift in Sources */ = {isa = PBXBuildFile; fileRef = 81C6607D201F9A3F00DD3515 /* ViewController.swift */; };
		81C66081201F9A3F00DD3515 /* Main.storyboard in Resources */ = {isa = PBXBuildFile; fileRef = 81C6607F201F9A3F00DD3515 /* Main.storyboard */; };
		81C66083201F9A3F00DD3515 /* Assets.xcassets in Resources */ = {isa = PBXBuildFile; fileRef = 81C66082201F9A3F00DD3515 /* Assets.xcassets */; };
		81C66086201F9A3F00DD3515 /* LaunchScreen.storyboard in Resources */ = {isa = PBXBuildFile; fileRef = 81C66084201F9A3F00DD3515 /* LaunchScreen.storyboard */; };
		81C66093201F9B0700DD3515 /* Moody.xcdatamodeld in Sources */ = {isa = PBXBuildFile; fileRef = 81C66091201F9B0700DD3515 /* Moody.xcdatamodeld */; };
		81C6609B20259F3100DD3515 /* Mood.swift in Sources */ = {isa = PBXBuildFile; fileRef = 81C6609A20259F3100DD3515 /* Mood.swift */; };
		81C6609E2025A41200DD3515 /* MoodyStack.swift in Sources */ = {isa = PBXBuildFile; fileRef = 81C6609D2025A41200DD3515 /* MoodyStack.swift */; };
		81C660A02025ACEB00DD3515 /* RootViewController.swift in Sources */ = {isa = PBXBuildFile; fileRef = 81C6609F2025ACEB00DD3515 /* RootViewController.swift */; };
		81C660A32025C48F00DD3515 /* SegueHandler.swift in Sources */ = {isa = PBXBuildFile; fileRef = 81C660A22025C48F00DD3515 /* SegueHandler.swift */; };
		81C660A52025C72100DD3515 /* MoodsTableViewController.swift in Sources */ = {isa = PBXBuildFile; fileRef = 81C660A42025C72100DD3515 /* MoodsTableViewController.swift */; };
		81C660AA2025CCFA00DD3515 /* Managed.swift in Sources */ = {isa = PBXBuildFile; fileRef = 81C660A92025CCFA00DD3515 /* Managed.swift */; };
		81C660AD2025DA2D00DD3515 /* TableViewDataSource.swift in Sources */ = {isa = PBXBuildFile; fileRef = 81C660AC2025DA2D00DD3515 /* TableViewDataSource.swift */; };
		81C660AF2025E55000DD3515 /* MoodTableViewCell.swift in Sources */ = {isa = PBXBuildFile; fileRef = 81C660AE2025E55000DD3515 /* MoodTableViewCell.swift */; };
/* End PBXBuildFile section */

/* Begin PBXFileReference section */
		81C66078201F9A3F00DD3515 /* Moody.app */ = {isa = PBXFileReference; explicitFileType = wrapper.application; includeInIndex = 0; path = Moody.app; sourceTree = BUILT_PRODUCTS_DIR; };
		81C6607B201F9A3F00DD3515 /* AppDelegate.swift */ = {isa = PBXFileReference; lastKnownFileType = sourcecode.swift; path = AppDelegate.swift; sourceTree = "<group>"; };
		81C6607D201F9A3F00DD3515 /* ViewController.swift */ = {isa = PBXFileReference; lastKnownFileType = sourcecode.swift; path = ViewController.swift; sourceTree = "<group>"; };
		81C66080201F9A3F00DD3515 /* Base */ = {isa = PBXFileReference; lastKnownFileType = file.storyboard; name = Base; path = Base.lproj/Main.storyboard; sourceTree = "<group>"; };
		81C66082201F9A3F00DD3515 /* Assets.xcassets */ = {isa = PBXFileReference; lastKnownFileType = folder.assetcatalog; path = Assets.xcassets; sourceTree = "<group>"; };
		81C66085201F9A3F00DD3515 /* Base */ = {isa = PBXFileReference; lastKnownFileType = file.storyboard; name = Base; path = Base.lproj/LaunchScreen.storyboard; sourceTree = "<group>"; };
		81C66087201F9A3F00DD3515 /* Info.plist */ = {isa = PBXFileReference; lastKnownFileType = text.plist.xml; path = Info.plist; sourceTree = "<group>"; };
		81C66092201F9B0700DD3515 /* Moody.xcdatamodel */ = {isa = PBXFileReference; lastKnownFileType = wrapper.xcdatamodel; path = Moody.xcdatamodel; sourceTree = "<group>"; };
		81C6609A20259F3100DD3515 /* Mood.swift */ = {isa = PBXFileReference; lastKnownFileType = sourcecode.swift; path = Mood.swift; sourceTree = "<group>"; };
		81C6609D2025A41200DD3515 /* MoodyStack.swift */ = {isa = PBXFileReference; lastKnownFileType = sourcecode.swift; path = MoodyStack.swift; sourceTree = "<group>"; };
		81C6609F2025ACEB00DD3515 /* RootViewController.swift */ = {isa = PBXFileReference; lastKnownFileType = sourcecode.swift; path = RootViewController.swift; sourceTree = "<group>"; };
		81C660A22025C48F00DD3515 /* SegueHandler.swift */ = {isa = PBXFileReference; lastKnownFileType = sourcecode.swift; path = SegueHandler.swift; sourceTree = "<group>"; };
		81C660A42025C72100DD3515 /* MoodsTableViewController.swift */ = {isa = PBXFileReference; lastKnownFileType = sourcecode.swift; path = MoodsTableViewController.swift; sourceTree = "<group>"; };
		81C660A92025CCFA00DD3515 /* Managed.swift */ = {isa = PBXFileReference; lastKnownFileType = sourcecode.swift; path = Managed.swift; sourceTree = "<group>"; };
		81C660AC2025DA2D00DD3515 /* TableViewDataSource.swift */ = {isa = PBXFileReference; lastKnownFileType = sourcecode.swift; path = TableViewDataSource.swift; sourceTree = "<group>"; };
		81C660AE2025E55000DD3515 /* MoodTableViewCell.swift */ = {isa = PBXFileReference; lastKnownFileType = sourcecode.swift; path = MoodTableViewCell.swift; sourceTree = "<group>"; };
/* End PBXFileReference section */

/* Begin PBXFrameworksBuildPhase section */
		81C66075201F9A3F00DD3515 /* Frameworks */ = {
			isa = PBXFrameworksBuildPhase;
			buildActionMask = 2147483647;
			files = (
			);
			runOnlyForDeploymentPostprocessing = 0;
		};
/* End PBXFrameworksBuildPhase section */

/* Begin PBXGroup section */
		81C6606F201F9A3F00DD3515 = {
			isa = PBXGroup;
			children = (
				81C660A12025C47900DD3515 /* Helpers */,
				81C66090201F9AA200DD3515 /* CoreData */,
				81C6608F201F9A8F00DD3515 /* Controllers */,
				81C6608E201F9A8300DD3515 /* Views */,
				81C6608D201F9A7700DD3515 /* Models */,
				81C6607A201F9A3F00DD3515 /* Moody */,
				81C66079201F9A3F00DD3515 /* Products */,
			);
			sourceTree = "<group>";
		};
		81C66079201F9A3F00DD3515 /* Products */ = {
			isa = PBXGroup;
			children = (
				81C66078201F9A3F00DD3515 /* Moody.app */,
			);
			name = Products;
			sourceTree = "<group>";
		};
		81C6607A201F9A3F00DD3515 /* Moody */ = {
			isa = PBXGroup;
			children = (
				81C66087201F9A3F00DD3515 /* Info.plist */,
			);
			path = Moody;
			sourceTree = "<group>";
		};
		81C6608D201F9A7700DD3515 /* Models */ = {
			isa = PBXGroup;
			children = (
			);
			path = Models;
			sourceTree = "<group>";
		};
		81C6608E201F9A8300DD3515 /* Views */ = {
			isa = PBXGroup;
			children = (
				81C66084201F9A3F00DD3515 /* LaunchScreen.storyboard */,
				81C66082201F9A3F00DD3515 /* Assets.xcassets */,
				81C6607F201F9A3F00DD3515 /* Main.storyboard */,
				81C660AE2025E55000DD3515 /* MoodTableViewCell.swift */,
			);
			path = Views;
			sourceTree = "<group>";
		};
		81C6608F201F9A8F00DD3515 /* Controllers */ = {
			isa = PBXGroup;
			children = (
				81C6607B201F9A3F00DD3515 /* AppDelegate.swift */,
				81C6607D201F9A3F00DD3515 /* ViewController.swift */,
				81C6609F2025ACEB00DD3515 /* RootViewController.swift */,
				81C660A42025C72100DD3515 /* MoodsTableViewController.swift */,
			);
			path = Controllers;
			sourceTree = "<group>";
		};
		81C66090201F9AA200DD3515 /* CoreData */ = {
			isa = PBXGroup;
			children = (
				81C660AB2025DA0D00DD3515 /* Helpers */,
				81C6609C2025A38700DD3515 /* Stack */,
				81C6609920259E3B00DD3515 /* Data Model */,
				81C6609820259E2500DD3515 /* Managed Objects */,
			);
			path = CoreData;
			sourceTree = "<group>";
		};
		81C6609820259E2500DD3515 /* Managed Objects */ = {
			isa = PBXGroup;
			children = (
				81C660A82025CCE700DD3515 /* Helpers */,
				81C6609A20259F3100DD3515 /* Mood.swift */,
			);
			path = "Managed Objects";
			sourceTree = "<group>";
		};
		81C6609920259E3B00DD3515 /* Data Model */ = {
			isa = PBXGroup;
			children = (
				81C66091201F9B0700DD3515 /* Moody.xcdatamodeld */,
			);
			path = "Data Model";
			sourceTree = "<group>";
		};
		81C6609C2025A38700DD3515 /* Stack */ = {
			isa = PBXGroup;
			children = (
				81C6609D2025A41200DD3515 /* MoodyStack.swift */,
			);
			path = Stack;
			sourceTree = "<group>";
		};
		81C660A12025C47900DD3515 /* Helpers */ = {
			isa = PBXGroup;
			children = (
				81C660A22025C48F00DD3515 /* SegueHandler.swift */,
			);
			path = Helpers;
			sourceTree = "<group>";
		};
		81C660A82025CCE700DD3515 /* Helpers */ = {
			isa = PBXGroup;
			children = (
				81C660A92025CCFA00DD3515 /* Managed.swift */,
			);
			path = Helpers;
			sourceTree = "<group>";
		};
		81C660AB2025DA0D00DD3515 /* Helpers */ = {
			isa = PBXGroup;
			children = (
				81C660AC2025DA2D00DD3515 /* TableViewDataSource.swift */,
			);
			path = Helpers;
			sourceTree = "<group>";
		};
/* End PBXGroup section */

/* Begin PBXNativeTarget section */
		81C66077201F9A3F00DD3515 /* Moody */ = {
			isa = PBXNativeTarget;
			buildConfigurationList = 81C6608A201F9A3F00DD3515 /* Build configuration list for PBXNativeTarget "Moody" */;
			buildPhases = (
				81C66074201F9A3F00DD3515 /* Sources */,
				81C66075201F9A3F00DD3515 /* Frameworks */,
				81C66076201F9A3F00DD3515 /* Resources */,
			);
			buildRules = (
			);
			dependencies = (
			);
			name = Moody;
			productName = Moody;
			productReference = 81C66078201F9A3F00DD3515 /* Moody.app */;
			productType = "com.apple.product-type.application";
		};
/* End PBXNativeTarget section */

/* Begin PBXProject section */
		81C66070201F9A3F00DD3515 /* Project object */ = {
			isa = PBXProject;
			attributes = {
				LastSwiftUpdateCheck = 0910;
				LastUpgradeCheck = 0910;
				ORGANIZATIONNAME = RB;
				TargetAttributes = {
					81C66077201F9A3F00DD3515 = {
						CreatedOnToolsVersion = 9.1;
						ProvisioningStyle = Automatic;
					};
				};
			};
			buildConfigurationList = 81C66073201F9A3F00DD3515 /* Build configuration list for PBXProject "Moody" */;
			compatibilityVersion = "Xcode 8.0";
			developmentRegion = en;
			hasScannedForEncodings = 0;
			knownRegions = (
				en,
				Base,
			);
			mainGroup = 81C6606F201F9A3F00DD3515;
			productRefGroup = 81C66079201F9A3F00DD3515 /* Products */;
			projectDirPath = "";
			projectRoot = "";
			targets = (
				81C66077201F9A3F00DD3515 /* Moody */,
			);
		};
/* End PBXProject section */

/* Begin PBXResourcesBuildPhase section */
		81C66076201F9A3F00DD3515 /* Resources */ = {
			isa = PBXResourcesBuildPhase;
			buildActionMask = 2147483647;
			files = (
				81C66086201F9A3F00DD3515 /* LaunchScreen.storyboard in Resources */,
				81C66083201F9A3F00DD3515 /* Assets.xcassets in Resources */,
				81C66081201F9A3F00DD3515 /* Main.storyboard in Resources */,
			);
			runOnlyForDeploymentPostprocessing = 0;
		};
/* End PBXResourcesBuildPhase section */

/* Begin PBXSourcesBuildPhase section */
		81C66074201F9A3F00DD3515 /* Sources */ = {
			isa = PBXSourcesBuildPhase;
			buildActionMask = 2147483647;
			files = (
				81C6609B20259F3100DD3515 /* Mood.swift in Sources */,
				81C6607E201F9A3F00DD3515 /* ViewController.swift in Sources */,
				81C660A52025C72100DD3515 /* MoodsTableViewController.swift in Sources */,
				81C660A02025ACEB00DD3515 /* RootViewController.swift in Sources */,
				81C660A32025C48F00DD3515 /* SegueHandler.swift in Sources */,
				81C66093201F9B0700DD3515 /* Moody.xcdatamodeld in Sources */,
				81C660AD2025DA2D00DD3515 /* TableViewDataSource.swift in Sources */,
				81C6607C201F9A3F00DD3515 /* AppDelegate.swift in Sources */,
				81C660AA2025CCFA00DD3515 /* Managed.swift in Sources */,
				81C6609E2025A41200DD3515 /* MoodyStack.swift in Sources */,
				81C660AF2025E55000DD3515 /* MoodTableViewCell.swift in Sources */,
			);
			runOnlyForDeploymentPostprocessing = 0;
		};
/* End PBXSourcesBuildPhase section */

/* Begin PBXVariantGroup section */
		81C6607F201F9A3F00DD3515 /* Main.storyboard */ = {
			isa = PBXVariantGroup;
			children = (
				81C66080201F9A3F00DD3515 /* Base */,
			);
			name = Main.storyboard;
			sourceTree = "<group>";
		};
		81C66084201F9A3F00DD3515 /* LaunchScreen.storyboard */ = {
			isa = PBXVariantGroup;
			children = (
				81C66085201F9A3F00DD3515 /* Base */,
			);
			name = LaunchScreen.storyboard;
			sourceTree = "<group>";
		};
/* End PBXVariantGroup section */

/* Begin XCBuildConfiguration section */
		81C66088201F9A3F00DD3515 /* Debug */ = {
			isa = XCBuildConfiguration;
			buildSettings = {
				ALWAYS_SEARCH_USER_PATHS = NO;
				CLANG_ANALYZER_NONNULL = YES;
				CLANG_ANALYZER_NUMBER_OBJECT_CONVERSION = YES_AGGRESSIVE;
				CLANG_CXX_LANGUAGE_STANDARD = "gnu++14";
				CLANG_CXX_LIBRARY = "libc++";
				CLANG_ENABLE_MODULES = YES;
				CLANG_ENABLE_OBJC_ARC = YES;
				CLANG_WARN_BLOCK_CAPTURE_AUTORELEASING = YES;
				CLANG_WARN_BOOL_CONVERSION = YES;
				CLANG_WARN_COMMA = YES;
				CLANG_WARN_CONSTANT_CONVERSION = YES;
				CLANG_WARN_DIRECT_OBJC_ISA_USAGE = YES_ERROR;
				CLANG_WARN_DOCUMENTATION_COMMENTS = YES;
				CLANG_WARN_EMPTY_BODY = YES;
				CLANG_WARN_ENUM_CONVERSION = YES;
				CLANG_WARN_INFINITE_RECURSION = YES;
				CLANG_WARN_INT_CONVERSION = YES;
				CLANG_WARN_NON_LITERAL_NULL_CONVERSION = YES;
				CLANG_WARN_OBJC_LITERAL_CONVERSION = YES;
				CLANG_WARN_OBJC_ROOT_CLASS = YES_ERROR;
				CLANG_WARN_RANGE_LOOP_ANALYSIS = YES;
				CLANG_WARN_STRICT_PROTOTYPES = YES;
				CLANG_WARN_SUSPICIOUS_MOVE = YES;
				CLANG_WARN_UNGUARDED_AVAILABILITY = YES_AGGRESSIVE;
				CLANG_WARN_UNREACHABLE_CODE = YES;
				CLANG_WARN__DUPLICATE_METHOD_MATCH = YES;
				CODE_SIGN_IDENTITY = "iPhone Developer";
				COPY_PHASE_STRIP = NO;
				DEBUG_INFORMATION_FORMAT = dwarf;
				ENABLE_STRICT_OBJC_MSGSEND = YES;
				ENABLE_TESTABILITY = YES;
				GCC_C_LANGUAGE_STANDARD = gnu11;
				GCC_DYNAMIC_NO_PIC = NO;
				GCC_NO_COMMON_BLOCKS = YES;
				GCC_OPTIMIZATION_LEVEL = 0;
				GCC_PREPROCESSOR_DEFINITIONS = (
					"DEBUG=1",
					"$(inherited)",
				);
				GCC_WARN_64_TO_32_BIT_CONVERSION = YES;
				GCC_WARN_ABOUT_RETURN_TYPE = YES_ERROR;
				GCC_WARN_UNDECLARED_SELECTOR = YES;
				GCC_WARN_UNINITIALIZED_AUTOS = YES_AGGRESSIVE;
				GCC_WARN_UNUSED_FUNCTION = YES;
				GCC_WARN_UNUSED_VARIABLE = YES;
				IPHONEOS_DEPLOYMENT_TARGET = 11.1;
				MTL_ENABLE_DEBUG_INFO = YES;
				ONLY_ACTIVE_ARCH = YES;
				SDKROOT = iphoneos;
				SWIFT_ACTIVE_COMPILATION_CONDITIONS = DEBUG;
				SWIFT_OPTIMIZATION_LEVEL = "-Onone";
			};
			name = Debug;
		};
		81C66089201F9A3F00DD3515 /* Release */ = {
			isa = XCBuildConfiguration;
			buildSettings = {
				ALWAYS_SEARCH_USER_PATHS = NO;
				CLANG_ANALYZER_NONNULL = YES;
				CLANG_ANALYZER_NUMBER_OBJECT_CONVERSION = YES_AGGRESSIVE;
				CLANG_CXX_LANGUAGE_STANDARD = "gnu++14";
				CLANG_CXX_LIBRARY = "libc++";
				CLANG_ENABLE_MODULES = YES;
				CLANG_ENABLE_OBJC_ARC = YES;
				CLANG_WARN_BLOCK_CAPTURE_AUTORELEASING = YES;
				CLANG_WARN_BOOL_CONVERSION = YES;
				CLANG_WARN_COMMA = YES;
				CLANG_WARN_CONSTANT_CONVERSION = YES;
				CLANG_WARN_DIRECT_OBJC_ISA_USAGE = YES_ERROR;
				CLANG_WARN_DOCUMENTATION_COMMENTS = YES;
				CLANG_WARN_EMPTY_BODY = YES;
				CLANG_WARN_ENUM_CONVERSION = YES;
				CLANG_WARN_INFINITE_RECURSION = YES;
				CLANG_WARN_INT_CONVERSION = YES;
				CLANG_WARN_NON_LITERAL_NULL_CONVERSION = YES;
				CLANG_WARN_OBJC_LITERAL_CONVERSION = YES;
				CLANG_WARN_OBJC_ROOT_CLASS = YES_ERROR;
				CLANG_WARN_RANGE_LOOP_ANALYSIS = YES;
				CLANG_WARN_STRICT_PROTOTYPES = YES;
				CLANG_WARN_SUSPICIOUS_MOVE = YES;
				CLANG_WARN_UNGUARDED_AVAILABILITY = YES_AGGRESSIVE;
				CLANG_WARN_UNREACHABLE_CODE = YES;
				CLANG_WARN__DUPLICATE_METHOD_MATCH = YES;
				CODE_SIGN_IDENTITY = "iPhone Developer";
				COPY_PHASE_STRIP = NO;
				DEBUG_INFORMATION_FORMAT = "dwarf-with-dsym";
				ENABLE_NS_ASSERTIONS = NO;
				ENABLE_STRICT_OBJC_MSGSEND = YES;
				GCC_C_LANGUAGE_STANDARD = gnu11;
				GCC_NO_COMMON_BLOCKS = YES;
				GCC_WARN_64_TO_32_BIT_CONVERSION = YES;
				GCC_WARN_ABOUT_RETURN_TYPE = YES_ERROR;
				GCC_WARN_UNDECLARED_SELECTOR = YES;
				GCC_WARN_UNINITIALIZED_AUTOS = YES_AGGRESSIVE;
				GCC_WARN_UNUSED_FUNCTION = YES;
				GCC_WARN_UNUSED_VARIABLE = YES;
				IPHONEOS_DEPLOYMENT_TARGET = 11.1;
				MTL_ENABLE_DEBUG_INFO = NO;
				SDKROOT = iphoneos;
				SWIFT_OPTIMIZATION_LEVEL = "-Owholemodule";
				VALIDATE_PRODUCT = YES;
			};
			name = Release;
		};
		81C6608B201F9A3F00DD3515 /* Debug */ = {
			isa = XCBuildConfiguration;
			buildSettings = {
				ASSETCATALOG_COMPILER_APPICON_NAME = AppIcon;
				CODE_SIGN_STYLE = Automatic;
				INFOPLIST_FILE = Moody/Info.plist;
				LD_RUNPATH_SEARCH_PATHS = "$(inherited) @executable_path/Frameworks";
				PRODUCT_BUNDLE_IDENTIFIER = com.RB.Moody;
				PRODUCT_NAME = "$(TARGET_NAME)";
				SWIFT_VERSION = 4.0;
				TARGETED_DEVICE_FAMILY = "1,2";
			};
			name = Debug;
		};
		81C6608C201F9A3F00DD3515 /* Release */ = {
			isa = XCBuildConfiguration;
			buildSettings = {
				ASSETCATALOG_COMPILER_APPICON_NAME = AppIcon;
				CODE_SIGN_STYLE = Automatic;
				INFOPLIST_FILE = Moody/Info.plist;
				LD_RUNPATH_SEARCH_PATHS = "$(inherited) @executable_path/Frameworks";
				PRODUCT_BUNDLE_IDENTIFIER = com.RB.Moody;
				PRODUCT_NAME = "$(TARGET_NAME)";
				SWIFT_VERSION = 4.0;
				TARGETED_DEVICE_FAMILY = "1,2";
			};
			name = Release;
		};
/* End XCBuildConfiguration section */

/* Begin XCConfigurationList section */
		81C66073201F9A3F00DD3515 /* Build configuration list for PBXProject "Moody" */ = {
			isa = XCConfigurationList;
			buildConfigurations = (
				81C66088201F9A3F00DD3515 /* Debug */,
				81C66089201F9A3F00DD3515 /* Release */,
			);
			defaultConfigurationIsVisible = 0;
			defaultConfigurationName = Release;
		};
		81C6608A201F9A3F00DD3515 /* Build configuration list for PBXNativeTarget "Moody" */ = {
			isa = XCConfigurationList;
			buildConfigurations = (
				81C6608B201F9A3F00DD3515 /* Debug */,
				81C6608C201F9A3F00DD3515 /* Release */,
			);
			defaultConfigurationIsVisible = 0;
			defaultConfigurationName = Release;
		};
/* End XCConfigurationList section */

/* Begin XCVersionGroup section */
		81C66091201F9B0700DD3515 /* Moody.xcdatamodeld */ = {
			isa = XCVersionGroup;
			children = (
				81C66092201F9B0700DD3515 /* Moody.xcdatamodel */,
			);
			currentVersion = 81C66092201F9B0700DD3515 /* Moody.xcdatamodel */;
			path = Moody.xcdatamodeld;
			sourceTree = "<group>";
			versionGroupType = wrapper.xcdatamodel;
		};
/* End XCVersionGroup section */
	};
	rootObject = 81C66070201F9A3F00DD3515 /* Project object */;
}
